
Microsoft Visual Studio Solution File, Format Version 12.00
# Visual Studio Version 16
VisualStudioVersion = 16.0.31624.102
MinimumVisualStudioVersion = 10.0.40219.1
Project("{FAE04EC0-301F-11D3-BF4B-00C04F79EFBC}") = "HelloWorld", "HelloWorld\HelloWorld.csproj", "{C98C525E-0E63-4735-8FD0-D50A9B4C414A}"
EndProject
Global
	GlobalSection(SolutionConfigurationPlatforms) = preSolution
		Debug|Any CPU = Debug|Any CPU
		Release|Any CPU = Release|Any CPU
	EndGlobalSection
	GlobalSection(ProjectConfigurationPlatforms) = postSolution
		{C98C525E-0E63-4735-8FD0-D50A9B4C414A}.Debug|Any CPU.ActiveCfg = Debug|Any CPU
		{C98C525E-0E63-4735-8FD0-D50A9B4C414A}.Debug|Any CPU.Build.0 = Debug|Any CPU
		{C98C525E-0E63-4735-8FD0-D50A9B4C414A}.Release|Any CPU.ActiveCfg = Release|Any CPU
		{C98C525E-0E63-4735-8FD0-D50A9B4C414A}.Release|Any CPU.Build.0 = Release|Any CPU
	EndGlobalSection
	GlobalSection(SolutionProperties) = preSolution
		HideSolutionNode = FALSE
	EndGlobalSection
	GlobalSection(ExtensibilityGlobals) = postSolution
		SolutionGuid = {EE8F0BE4-4F96-480D-815C-36ABF3333D9C}
	EndGlobalSection
EndGlobal
